
Microsoft Visual Studio Solution File, Format Version 12.00
# Visual Studio Version 17
VisualStudioVersion = 17.13.35825.156 d17.13
MinimumVisualStudioVersion = 10.0.40219.1
Project("{8BC9CEB8-8B4A-11D0-8D11-00A0C91BC942}") = "6.14 继承的基本语法", "6.14 继承的基本语法.vcxproj", "{7C73D206-6AF1-4B2F-95B9-125B42EBF713}"
EndProject
Global
	GlobalSection(SolutionConfigurationPlatforms) = preSolution
		Debug|x64 = Debug|x64
		Debug|x86 = Debug|x86
		Release|x64 = Release|x64
		Release|x86 = Release|x86
	EndGlobalSection
	GlobalSection(ProjectConfigurationPlatforms) = postSolution
		{7C73D206-6AF1-4B2F-95B9-125B42EBF713}.Debug|x64.ActiveCfg = Debug|x64
		{7C73D206-6AF1-4B2F-95B9-125B42EBF713}.Debug|x64.Build.0 = Debug|x64
		{7C73D206-6AF1-4B2F-95B9-125B42EBF713}.Debug|x86.ActiveCfg = Debug|Win32
		{7C73D206-6AF1-4B2F-95B9-125B42EBF713}.Debug|x86.Build.0 = Debug|Win32
		{7C73D206-6AF1-4B2F-95B9-125B42EBF713}.Release|x64.ActiveCfg = Release|x64
		{7C73D206-6AF1-4B2F-95B9-125B42EBF713}.Release|x64.Build.0 = Release|x64
		{7C73D206-6AF1-4B2F-95B9-125B42EBF713}.Release|x86.ActiveCfg = Release|Win32
		{7C73D206-6AF1-4B2F-95B9-125B42EBF713}.Release|x86.Build.0 = Release|Win32
	EndGlobalSection
	GlobalSection(SolutionProperties) = preSolution
		HideSolutionNode = FALSE
	EndGlobalSection
	GlobalSection(ExtensibilityGlobals) = postSolution
		SolutionGuid = {00FEE813-4358-4237-8817-7E7D6BED573A}
	EndGlobalSection
EndGlobal
